
Microsoft Visual Studio Solution File, Format Version 12.00
# Visual Studio Version 17
VisualStudioVersion = 17.0.31903.59
MinimumVisualStudioVersion = 10.0.40219.1
Project("{FAE04EC0-301F-11D3-BF4B-00C04F79EFBC}") = "Day 4", "Day 4\Day 4.csproj", "{33ADE6BE-4DF6-4069-8084-7A1C5FCA4334}"
EndProject
Project("{FAE04EC0-301F-11D3-BF4B-00C04F79EFBC}") = "Day 4 Tests", "Day 4 Tests\Day 4 Tests.csproj", "{35901235-3CCB-4B99-961E-12122F5B7B85}"
EndProject
Global
	GlobalSection(SolutionConfigurationPlatforms) = preSolution
		Debug|Any CPU = Debug|Any CPU
		Release|Any CPU = Release|Any CPU
	EndGlobalSection
	GlobalSection(SolutionProperties) = preSolution
		HideSolutionNode = FALSE
	EndGlobalSection
	GlobalSection(ProjectConfigurationPlatforms) = postSolution
		{33ADE6BE-4DF6-4069-8084-7A1C5FCA4334}.Debug|Any CPU.ActiveCfg = Debug|Any CPU
		{33ADE6BE-4DF6-4069-8084-7A1C5FCA4334}.Debug|Any CPU.Build.0 = Debug|Any CPU
		{33ADE6BE-4DF6-4069-8084-7A1C5FCA4334}.Release|Any CPU.ActiveCfg = Release|Any CPU
		{33ADE6BE-4DF6-4069-8084-7A1C5FCA4334}.Release|Any CPU.Build.0 = Release|Any CPU
		{35901235-3CCB-4B99-961E-12122F5B7B85}.Debug|Any CPU.ActiveCfg = Debug|Any CPU
		{35901235-3CCB-4B99-961E-12122F5B7B85}.Debug|Any CPU.Build.0 = Debug|Any CPU
		{35901235-3CCB-4B99-961E-12122F5B7B85}.Release|Any CPU.ActiveCfg = Release|Any CPU
		{35901235-3CCB-4B99-961E-12122F5B7B85}.Release|Any CPU.Build.0 = Release|Any CPU
	EndGlobalSection
	GlobalSection(NestedProjects) = preSolution
	EndGlobalSection
EndGlobal
